// !$*UTF8*$!
{
	archiveVersion = 1;
	classes = {
	};
	objectVersion = 77;
	objects = {

/* Begin PBXBuildFile section */
		1823A8442FFE9F4C00EB5230 /* SavedSatellites.swift in Sources */ = {isa = PBXBuildFile; fileRef = 1823A8432FFE9F4700EB5230 /* SavedSatellites.swift */; };
		1823A8462FFEA00800EB5230 /* UserDefaultFavouritesStore.swift in Sources */ = {isa = PBXBuildFile; fileRef = 1823A8452FFE9FFD00EB5230 /* UserDefaultFavouritesStore.swift */; };
		1823A8482FFEA18800EB5230 /* FavouritesStore.swift in Sources */ = {isa = PBXBuildFile; fileRef = 1823A8472FFEA17100EB5230 /* FavouritesStore.swift */; };
		185C690B2FEDAC8E00BA3868 /* Assets.xcassets in Resources */ = {isa = PBXBuildFile; fileRef = 185C68FD2FEDAC8E00BA3868 /* Assets.xcassets */; };
		185C691D2FEDAC8E00BA3868 /* ContentView.swift in Sources */ = {isa = PBXBuildFile; fileRef = 185C68FE2FEDAC8E00BA3868 /* ContentView.swift */; };
		185C691E2FEDAC8E00BA3868 /* SatelliteTrackerApp.swift in Sources */ = {isa = PBXBuildFile; fileRef = 185C69002FEDAC8E00BA3868 /* SatelliteTrackerApp.swift */; };
		185C693D2FEDACAD00BA3868 /* Rajdhani-SemiBold.ttf in Resources */ = {isa = PBXBuildFile; fileRef = 185C692D2FEDACAD00BA3868 /* Rajdhani-SemiBold.ttf */; };
		185C693E2FEDACAD00BA3868 /* Playfair.ttf in Resources */ = {isa = PBXBuildFile; fileRef = 185C69282FEDACAD00BA3868 /* Playfair.ttf */; };
		185C693F2FEDACAD00BA3868 /* Eunomia-Light.otf in Resources */ = {isa = PBXBuildFile; fileRef = 185C69252FEDACAD00BA3868 /* Eunomia-Light.otf */; };
		185C69402FEDACAD00BA3868 /* Eunomia-Bold.otf in Resources */ = {isa = PBXBuildFile; fileRef = 185C69242FEDACAD00BA3868 /* Eunomia-Bold.otf */; };
		185C69412FEDACAD00BA3868 /* Rajdhani-Medium.ttf in Resources */ = {isa = PBXBuildFile; fileRef = 185C692B2FEDACAD00BA3868 /* Rajdhani-Medium.ttf */; };
		185C69422FEDACAD00BA3868 /* Electrolize.ttf in Resources */ = {isa = PBXBuildFile; fileRef = 185C69232FEDACAD00BA3868 /* Electrolize.ttf */; };
		185C69432FEDACAD00BA3868 /* Rajdhani-Bold.ttf in Resources */ = {isa = PBXBuildFile; fileRef = 185C69292FEDACAD00BA3868 /* Rajdhani-Bold.ttf */; };
		185C69442FEDACAD00BA3868 /* Rajdhani-Light.ttf in Resources */ = {isa = PBXBuildFile; fileRef = 185C692A2FEDACAD00BA3868 /* Rajdhani-Light.ttf */; };
		185C69452FEDACAD00BA3868 /* Eunomia-Regular.otf in Resources */ = {isa = PBXBuildFile; fileRef = 185C69262FEDACAD00BA3868 /* Eunomia-Regular.otf */; };
		185C69462FEDACAD00BA3868 /* Rajdhani-Regular.ttf in Resources */ = {isa = PBXBuildFile; fileRef = 185C692C2FEDACAD00BA3868 /* Rajdhani-Regular.ttf */; };
		185C69472FEDACAD00BA3868 /* FontTypes.swift in Sources */ = {isa = PBXBuildFile; fileRef = 185C69272FEDACAD00BA3868 /* FontTypes.swift */; };
		185C69482FEDACAD00BA3868 /* GS.swift in Sources */ = {isa = PBXBuildFile; fileRef = 185C69382FEDACAD00BA3868 /* GS.swift */; };
		185C69492FEDACAD00BA3868 /* SatelliteDetailsService.swift in Sources */ = {isa = PBXBuildFile; fileRef = 185C69322FEDACAD00BA3868 /* SatelliteDetailsService.swift */; };
		185C694A2FEDACAD00BA3868 /* GroundTrackViewModel.swift in Sources */ = {isa = PBXBuildFile; fileRef = 185C69302FEDACAD00BA3868 /* GroundTrackViewModel.swift */; };
		185C694B2FEDACAD00BA3868 /* GroundTrackService.swift in Sources */ = {isa = PBXBuildFile; fileRef = 185C692F2FEDACAD00BA3868 /* GroundTrackService.swift */; };
		185C694C2FEDACAD00BA3868 /* SatelliteElementsService.swift in Sources */ = {isa = PBXBuildFile; fileRef = 185C69342FEDACAD00BA3868 /* SatelliteElementsService.swift */; };
		185C694D2FEDACAD00BA3868 /* SatelliteElementsViewModel.swift in Sources */ = {isa = PBXBuildFile; fileRef = 185C69352FEDACAD00BA3868 /* SatelliteElementsViewModel.swift */; };
		185C694E2FEDACAD00BA3868 /* SatelliteDetailsViewModel.swift in Sources */ = {isa = PBXBuildFile; fileRef = 185C69332FEDACAD00BA3868 /* SatelliteDetailsViewModel.swift */; };
		185C694F2FEDACAD00BA3868 /* Homepage.swift in Sources */ = {isa = PBXBuildFile; fileRef = 185C69392FEDACAD00BA3868 /* Homepage.swift */; };
		185C69502FEDACAD00BA3868 /* Alert.swift in Sources */ = {isa = PBXBuildFile; fileRef = 185C69372FEDACAD00BA3868 /* Alert.swift */; };
		185C69512FEDACAD00BA3868 /* Models.swift in Sources */ = {isa = PBXBuildFile; fileRef = 185C69312FEDACAD00BA3868 /* Models.swift */; };
		185C69522FEDACAD00BA3868 /* Settings.swift in Sources */ = {isa = PBXBuildFile; fileRef = 185C693B2FEDACAD00BA3868 /* Settings.swift */; };
		185C69532FEDACAD00BA3868 /* Map3d.swift in Sources */ = {isa = PBXBuildFile; fileRef = 185C693A2FEDACAD00BA3868 /* Map3d.swift */; };
		185C69542FEDACAD00BA3868 /* InputPicker.swift in Sources */ = {isa = PBXBuildFile; fileRef = 185C691F2FEDACAD00BA3868 /* InputPicker.swift */; };
		185C69552FEDACAD00BA3868 /* TabBar.swift in Sources */ = {isa = PBXBuildFile; fileRef = 185C69202FEDACAD00BA3868 /* TabBar.swift */; };
		185C69562FEDACAD00BA3868 /* ColorsCodes.swift in Sources */ = {isa = PBXBuildFile; fileRef = 185C69222FEDACAD00BA3868 /* ColorsCodes.swift */; };
		18A06CEC301F4648008F0A56 /* PassService.swift in Sources */ = {isa = PBXBuildFile; fileRef = 18A06CEB301F4643008F0A56 /* PassService.swift */; };
		18A06CEE301F7EBB008F0A56 /* PassViewModel.swift in Sources */ = {isa = PBXBuildFile; fileRef = 18A06CED301F7EB2008F0A56 /* PassViewModel.swift */; };
/* End PBXBuildFile section */

/* Begin PBXFileReference section */
		1817C6832FBDCB1C009A4509 /* SatelliteTracker.app */ = {isa = PBXFileReference; explicitFileType = wrapper.application; includeInIndex = 0; path = SatelliteTracker.app; sourceTree = BUILT_PRODUCTS_DIR; };
		1823A8432FFE9F4700EB5230 /* SavedSatellites.swift */ = {isa = PBXFileReference; lastKnownFileType = sourcecode.swift; path = SavedSatellites.swift; sourceTree = "<group>"; };
		1823A8452FFE9FFD00EB5230 /* UserDefaultFavouritesStore.swift */ = {isa = PBXFileReference; lastKnownFileType = sourcecode.swift; path = UserDefaultFavouritesStore.swift; sourceTree = "<group>"; };
		1823A8472FFEA17100EB5230 /* FavouritesStore.swift */ = {isa = PBXFileReference; lastKnownFileType = sourcecode.swift; path = FavouritesStore.swift; sourceTree = "<group>"; };
		185C68FD2FEDAC8E00BA3868 /* Assets.xcassets */ = {isa = PBXFileReference; lastKnownFileType = folder.assetcatalog; path = Assets.xcassets; sourceTree = "<group>"; };
		185C68FE2FEDAC8E00BA3868 /* ContentView.swift */ = {isa = PBXFileReference; lastKnownFileType = sourcecode.swift; path = ContentView.swift; sourceTree = "<group>"; };
		185C69002FEDAC8E00BA3868 /* SatelliteTrackerApp.swift */ = {isa = PBXFileReference; lastKnownFileType = sourcecode.swift; path = SatelliteTrackerApp.swift; sourceTree = "<group>"; };
		185C691F2FEDACAD00BA3868 /* InputPicker.swift */ = {isa = PBXFileReference; lastKnownFileType = sourcecode.swift; path = InputPicker.swift; sourceTree = "<group>"; };
		185C69202FEDACAD00BA3868 /* TabBar.swift */ = {isa = PBXFileReference; lastKnownFileType = sourcecode.swift; path = TabBar.swift; sourceTree = "<group>"; };
		185C69222FEDACAD00BA3868 /* ColorsCodes.swift */ = {isa = PBXFileReference; lastKnownFileType = sourcecode.swift; path = ColorsCodes.swift; sourceTree = "<group>"; };
		185C69232FEDACAD00BA3868 /* Electrolize.ttf */ = {isa = PBXFileReference; lastKnownFileType = file; path = Electrolize.ttf; sourceTree = "<group>"; };
		185C69242FEDACAD00BA3868 /* Eunomia-Bold.otf */ = {isa = PBXFileReference; lastKnownFileType = file; path = "Eunomia-Bold.otf"; sourceTree = "<group>"; };
		185C69252FEDACAD00BA3868 /* Eunomia-Light.otf */ = {isa = PBXFileReference; lastKnownFileType = file; path = "Eunomia-Light.otf"; sourceTree = "<group>"; };
		185C69262FEDACAD00BA3868 /* Eunomia-Regular.otf */ = {isa = PBXFileReference; lastKnownFileType = file; path = "Eunomia-Regular.otf"; sourceTree = "<group>"; };
		185C69272FEDACAD00BA3868 /* FontTypes.swift */ = {isa = PBXFileReference; lastKnownFileType = sourcecode.swift; path = FontTypes.swift; sourceTree = "<group>"; };
		185C69282FEDACAD00BA3868 /* Playfair.ttf */ = {isa = PBXFileReference; lastKnownFileType = file; path = Playfair.ttf; sourceTree = "<group>"; };
		185C69292FEDACAD00BA3868 /* Rajdhani-Bold.ttf */ = {isa = PBXFileReference; lastKnownFileType = file; path = "Rajdhani-Bold.ttf"; sourceTree = "<group>"; };
		185C692A2FEDACAD00BA3868 /* Rajdhani-Light.ttf */ = {isa = PBXFileReference; lastKnownFileType = file; path = "Rajdhani-Light.ttf"; sourceTree = "<group>"; };
		185C692B2FEDACAD00BA3868 /* Rajdhani-Medium.ttf */ = {isa = PBXFileReference; lastKnownFileType = file; path = "Rajdhani-Medium.ttf"; sourceTree = "<group>"; };
		185C692C2FEDACAD00BA3868 /* Rajdhani-Regular.ttf */ = {isa = PBXFileReference; lastKnownFileType = file; path = "Rajdhani-Regular.ttf"; sourceTree = "<group>"; };
		185C692D2FEDACAD00BA3868 /* Rajdhani-SemiBold.ttf */ = {isa = PBXFileReference; lastKnownFileType = file; path = "Rajdhani-SemiBold.ttf"; sourceTree = "<group>"; };
		185C692F2FEDACAD00BA3868 /* GroundTrackService.swift */ = {isa = PBXFileReference; lastKnownFileType = sourcecode.swift; path = GroundTrackService.swift; sourceTree = "<group>"; };
		185C69302FEDACAD00BA3868 /* GroundTrackViewModel.swift */ = {isa = PBXFileReference; lastKnownFileType = sourcecode.swift; path = GroundTrackViewModel.swift; sourceTree = "<group>"; };
		185C69312FEDACAD00BA3868 /* Models.swift */ = {isa = PBXFileReference; lastKnownFileType = sourcecode.swift; path = Models.swift; sourceTree = "<group>"; };
		185C69322FEDACAD00BA3868 /* SatelliteDetailsService.swift */ = {isa = PBXFileReference; lastKnownFileType = sourcecode.swift; path = SatelliteDetailsService.swift; sourceTree = "<group>"; };
		185C69332FEDACAD00BA3868 /* SatelliteDetailsViewModel.swift */ = {isa = PBXFileReference; lastKnownFileType = sourcecode.swift; path = SatelliteDetailsViewModel.swift; sourceTree = "<group>"; };
		185C69342FEDACAD00BA3868 /* SatelliteElementsService.swift */ = {isa = PBXFileReference; lastKnownFileType = sourcecode.swift; path = SatelliteElementsService.swift; sourceTree = "<group>"; };
		185C69352FEDACAD00BA3868 /* SatelliteElementsViewModel.swift */ = {isa = PBXFileReference; lastKnownFileType = sourcecode.swift; path = SatelliteElementsViewModel.swift; sourceTree = "<group>"; };
		185C69372FEDACAD00BA3868 /* Alert.swift */ = {isa = PBXFileReference; lastKnownFileType = sourcecode.swift; path = Alert.swift; sourceTree = "<group>"; };
		185C69382FEDACAD00BA3868 /* GS.swift */ = {isa = PBXFileReference; lastKnownFileType = sourcecode.swift; path = GS.swift; sourceTree = "<group>"; };
		185C69392FEDACAD00BA3868 /* Homepage.swift */ = {isa = PBXFileReference; lastKnownFileType = sourcecode.swift; path = Homepage.swift; sourceTree = "<group>"; };
		185C693A2FEDACAD00BA3868 /* Map3d.swift */ = {isa = PBXFileReference; lastKnownFileType = sourcecode.swift; path = Map3d.swift; sourceTree = "<group>"; };
		185C693B2FEDACAD00BA3868 /* Settings.swift */ = {isa = PBXFileReference; lastKnownFileType = sourcecode.swift; path = Settings.swift; sourceTree = "<group>"; };
		18A06CEB301F4643008F0A56 /* PassService.swift */ = {isa = PBXFileReference; lastKnownFileType = sourcecode.swift; path = PassService.swift; sourceTree = "<group>"; };
		18A06CED301F7EB2008F0A56 /* PassViewModel.swift */ = {isa = PBXFileReference; lastKnownFileType = sourcecode.swift; path = PassViewModel.swift; sourceTree = "<group>"; };
/* End PBXFileReference section */

/* Begin PBXFrameworksBuildPhase section */
		1817C6802FBDCB1C009A4509 /* Frameworks */ = {
			isa = PBXFrameworksBuildPhase;
			buildActionMask = 2147483647;
			files = (
			);
			runOnlyForDeploymentPostprocessing = 0;
		};
/* End PBXFrameworksBuildPhase section */

/* Begin PBXGroup section */
		1817C67A2FBDCB1C009A4509 = {
			isa = PBXGroup;
			children = (
				185C69212FEDACAD00BA3868 /* Components */,
				185C692E2FEDACAD00BA3868 /* Extensions */,
				185C69362FEDACAD00BA3868 /* Services */,
				185C693C2FEDACAD00BA3868 /* Views */,
				185C68FD2FEDAC8E00BA3868 /* Assets.xcassets */,
				1817C6842FBDCB1C009A4509 /* Products */,
				185C68FE2FEDAC8E00BA3868 /* ContentView.swift */,
				185C69002FEDAC8E00BA3868 /* SatelliteTrackerApp.swift */,
			);
			sourceTree = "<group>";
		};
		1817C6842FBDCB1C009A4509 /* Products */ = {
			isa = PBXGroup;
			children = (
				1817C6832FBDCB1C009A4509 /* SatelliteTracker.app */,
			);
			name = Products;
			sourceTree = "<group>";
		};
		185C69212FEDACAD00BA3868 /* Components */ = {
			isa = PBXGroup;
			children = (
				185C691F2FEDACAD00BA3868 /* InputPicker.swift */,
				185C69202FEDACAD00BA3868 /* TabBar.swift */,
			);
			path = Components;
			sourceTree = "<group>";
		};
		185C692E2FEDACAD00BA3868 /* Extensions */ = {
			isa = PBXGroup;
			children = (
				185C69222FEDACAD00BA3868 /* ColorsCodes.swift */,
				185C69232FEDACAD00BA3868 /* Electrolize.ttf */,
				185C69242FEDACAD00BA3868 /* Eunomia-Bold.otf */,
				185C69252FEDACAD00BA3868 /* Eunomia-Light.otf */,
				185C69262FEDACAD00BA3868 /* Eunomia-Regular.otf */,
				185C69272FEDACAD00BA3868 /* FontTypes.swift */,
				185C69282FEDACAD00BA3868 /* Playfair.ttf */,
				185C69292FEDACAD00BA3868 /* Rajdhani-Bold.ttf */,
				185C692A2FEDACAD00BA3868 /* Rajdhani-Light.ttf */,
				185C692B2FEDACAD00BA3868 /* Rajdhani-Medium.ttf */,
				185C692C2FEDACAD00BA3868 /* Rajdhani-Regular.ttf */,
				185C692D2FEDACAD00BA3868 /* Rajdhani-SemiBold.ttf */,
			);
			path = Extensions;
			sourceTree = "<group>";
		};
		185C69362FEDACAD00BA3868 /* Services */ = {
			isa = PBXGroup;
			children = (
				185C692F2FEDACAD00BA3868 /* GroundTrackService.swift */,
				18A06CEB301F4643008F0A56 /* PassService.swift */,
				185C69302FEDACAD00BA3868 /* GroundTrackViewModel.swift */,
				18A06CED301F7EB2008F0A56 /* PassViewModel.swift */,
				185C69312FEDACAD00BA3868 /* Models.swift */,
				1823A8432FFE9F4700EB5230 /* SavedSatellites.swift */,
				1823A8452FFE9FFD00EB5230 /* UserDefaultFavouritesStore.swift */,
				1823A8472FFEA17100EB5230 /* FavouritesStore.swift */,
				185C69322FEDACAD00BA3868 /* SatelliteDetailsService.swift */,
				185C69332FEDACAD00BA3868 /* SatelliteDetailsViewModel.swift */,
				185C69342FEDACAD00BA3868 /* SatelliteElementsService.swift */,
				185C69352FEDACAD00BA3868 /* SatelliteElementsViewModel.swift */,
			);
			path = Services;
			sourceTree = "<group>";
		};
		185C693C2FEDACAD00BA3868 /* Views */ = {
			isa = PBXGroup;
			children = (
				185C69372FEDACAD00BA3868 /* Alert.swift */,
				185C69382FEDACAD00BA3868 /* GS.swift */,
				185C69392FEDACAD00BA3868 /* Homepage.swift */,
				185C693A2FEDACAD00BA3868 /* Map3d.swift */,
				185C693B2FEDACAD00BA3868 /* Settings.swift */,
			);
			path = Views;
			sourceTree = "<group>";
		};
/* End PBXGroup section */

/* Begin PBXNativeTarget section */
		1817C6822FBDCB1C009A4509 /* SatelliteTracker */ = {
			isa = PBXNativeTarget;
			buildConfigurationList = 1817C68E2FBDCB1D009A4509 /* Build configuration list for PBXNativeTarget "SatelliteTracker" */;
			buildPhases = (
				1817C67F2FBDCB1C009A4509 /* Sources */,
				1817C6802FBDCB1C009A4509 /* Frameworks */,
				1817C6812FBDCB1C009A4509 /* Resources */,
			);
			buildRules = (
			);
			dependencies = (
			);
			name = SatelliteTracker;
			packageProductDependencies = (
			);
			productName = SatelliteTracker;
			productReference = 1817C6832FBDCB1C009A4509 /* SatelliteTracker.app */;
			productType = "com.apple.product-type.application";
		};
/* End PBXNativeTarget section */

/* Begin PBXProject section */
		1817C67B2FBDCB1C009A4509 /* Project object */ = {
			isa = PBXProject;
			attributes = {
				BuildIndependentTargetsInParallel = 1;
				LastSwiftUpdateCheck = 2640;
				LastUpgradeCheck = 2640;
				TargetAttributes = {
					1817C6822FBDCB1C009A4509 = {
						CreatedOnToolsVersion = 26.4.1;
					};
				};
			};
			buildConfigurationList = 1817C67E2FBDCB1C009A4509 /* Build configuration list for PBXProject "SatelliteTracker" */;
			developmentRegion = en;
			hasScannedForEncodings = 0;
			knownRegions = (
				en,
				Base,
			);
			mainGroup = 1817C67A2FBDCB1C009A4509;
			minimizedProjectReferenceProxies = 1;
			preferredProjectObjectVersion = 77;
			productRefGroup = 1817C6842FBDCB1C009A4509 /* Products */;
			projectDirPath = "";
			projectRoot = "";
			targets = (
				1817C6822FBDCB1C009A4509 /* SatelliteTracker */,
			);
		};
/* End PBXProject section */

/* Begin PBXResourcesBuildPhase section */
		1817C6812FBDCB1C009A4509 /* Resources */ = {
			isa = PBXResourcesBuildPhase;
			buildActionMask = 2147483647;
			files = (
				185C693D2FEDACAD00BA3868 /* Rajdhani-SemiBold.ttf in Resources */,
				185C693E2FEDACAD00BA3868 /* Playfair.ttf in Resources */,
				185C693F2FEDACAD00BA3868 /* Eunomia-Light.otf in Resources */,
				185C69402FEDACAD00BA3868 /* Eunomia-Bold.otf in Resources */,
				185C69412FEDACAD00BA3868 /* Rajdhani-Medium.ttf in Resources */,
				185C69422FEDACAD00BA3868 /* Electrolize.ttf in Resources */,
				185C69432FEDACAD00BA3868 /* Rajdhani-Bold.ttf in Resources */,
				185C69442FEDACAD00BA3868 /* Rajdhani-Light.ttf in Resources */,
				185C69452FEDACAD00BA3868 /* Eunomia-Regular.otf in Resources */,
				185C69462FEDACAD00BA3868 /* Rajdhani-Regular.ttf in Resources */,
				185C690B2FEDAC8E00BA3868 /* Assets.xcassets in Resources */,
			);
			runOnlyForDeploymentPostprocessing = 0;
		};
/* End PBXResourcesBuildPhase section */

/* Begin PBXSourcesBuildPhase section */
		1817C67F2FBDCB1C009A4509 /* Sources */ = {
			isa = PBXSourcesBuildPhase;
			buildActionMask = 2147483647;
			files = (
				1823A8462FFEA00800EB5230 /* UserDefaultFavouritesStore.swift in Sources */,
				185C69472FEDACAD00BA3868 /* FontTypes.swift in Sources */,
				185C69482FEDACAD00BA3868 /* GS.swift in Sources */,
				1823A8482FFEA18800EB5230 /* FavouritesStore.swift in Sources */,
				185C69492FEDACAD00BA3868 /* SatelliteDetailsService.swift in Sources */,
				18A06CEE301F7EBB008F0A56 /* PassViewModel.swift in Sources */,
				185C694A2FEDACAD00BA3868 /* GroundTrackViewModel.swift in Sources */,
				185C694B2FEDACAD00BA3868 /* GroundTrackService.swift in Sources */,
				185C694C2FEDACAD00BA3868 /* SatelliteElementsService.swift in Sources */,
				185C694D2FEDACAD00BA3868 /* SatelliteElementsViewModel.swift in Sources */,
				185C694E2FEDACAD00BA3868 /* SatelliteDetailsViewModel.swift in Sources */,
				185C694F2FEDACAD00BA3868 /* Homepage.swift in Sources */,
				1823A8442FFE9F4C00EB5230 /* SavedSatellites.swift in Sources */,
				185C69502FEDACAD00BA3868 /* Alert.swift in Sources */,
				185C69512FEDACAD00BA3868 /* Models.swift in Sources */,
				185C69522FEDACAD00BA3868 /* Settings.swift in Sources */,
				185C69532FEDACAD00BA3868 /* Map3d.swift in Sources */,
				185C69542FEDACAD00BA3868 /* InputPicker.swift in Sources */,
				185C69552FEDACAD00BA3868 /* TabBar.swift in Sources */,
				18A06CEC301F4648008F0A56 /* PassService.swift in Sources */,
				185C69562FEDACAD00BA3868 /* ColorsCodes.swift in Sources */,
				185C691D2FEDAC8E00BA3868 /* ContentView.swift in Sources */,
				185C691E2FEDAC8E00BA3868 /* SatelliteTrackerApp.swift in Sources */,
			);
			runOnlyForDeploymentPostprocessing = 0;
		};
/* End PBXSourcesBuildPhase section */

/* Begin XCBuildConfiguration section */
		1817C68C2FBDCB1D009A4509 /* Debug */ = {
			isa = XCBuildConfiguration;
			buildSettings = {
				ALWAYS_SEARCH_USER_PATHS = NO;
				ASSETCATALOG_COMPILER_GENERATE_SWIFT_ASSET_SYMBOL_EXTENSIONS = YES;
				CLANG_ANALYZER_NONNULL = YES;
				CLANG_ANALYZER_NUMBER_OBJECT_CONVERSION = YES_AGGRESSIVE;
				CLANG_CXX_LANGUAGE_STANDARD = "gnu++20";
				CLANG_ENABLE_MODULES = YES;
				CLANG_ENABLE_OBJC_ARC = YES;
				CLANG_ENABLE_OBJC_WEAK = YES;
				CLANG_WARN_BLOCK_CAPTURE_AUTORELEASING = YES;
				CLANG_WARN_BOOL_CONVERSION = YES;
				CLANG_WARN_COMMA = YES;
				CLANG_WARN_CONSTANT_CONVERSION = YES;
				CLANG_WARN_DEPRECATED_OBJC_IMPLEMENTATIONS = YES;
				CLANG_WARN_DIRECT_OBJC_ISA_USAGE = YES_ERROR;
				CLANG_WARN_DOCUMENTATION_COMMENTS = YES;
				CLANG_WARN_EMPTY_BODY = YES;
				CLANG_WARN_ENUM_CONVERSION = YES;
				CLANG_WARN_INFINITE_RECURSION = YES;
				CLANG_WARN_INT_CONVERSION = YES;
				CLANG_WARN_NON_LITERAL_NULL_CONVERSION = YES;
				CLANG_WARN_OBJC_IMPLICIT_RETAIN_SELF = YES;
				CLANG_WARN_OBJC_LITERAL_CONVERSION = YES;
				CLANG_WARN_OBJC_ROOT_CLASS = YES_ERROR;
				CLANG_WARN_QUOTED_INCLUDE_IN_FRAMEWORK_HEADER = YES;
				CLANG_WARN_RANGE_LOOP_ANALYSIS = YES;
				CLANG_WARN_STRICT_PROTOTYPES = YES;
				CLANG_WARN_SUSPICIOUS_MOVE = YES;
				CLANG_WARN_UNGUARDED_AVAILABILITY = YES_AGGRESSIVE;
				CLANG_WARN_UNREACHABLE_CODE = YES;
				CLANG_WARN__DUPLICATE_METHOD_MATCH = YES;
				COPY_PHASE_STRIP = NO;
				DEBUG_INFORMATION_FORMAT = dwarf;
				DEVELOPMENT_TEAM = KA3YZC66RT;
				ENABLE_STRICT_OBJC_MSGSEND = YES;
				ENABLE_TESTABILITY = YES;
				ENABLE_USER_SCRIPT_SANDBOXING = YES;
				GCC_C_LANGUAGE_STANDARD = gnu17;
				GCC_DYNAMIC_NO_PIC = NO;
				GCC_NO_COMMON_BLOCKS = YES;
				GCC_OPTIMIZATION_LEVEL = 0;
				GCC_PREPROCESSOR_DEFINITIONS = (
					"DEBUG=1",
					"$(inherited)",
				);
				GCC_WARN_64_TO_32_BIT_CONVERSION = YES;
				GCC_WARN_ABOUT_RETURN_TYPE = YES_ERROR;
				GCC_WARN_UNDECLARED_SELECTOR = YES;
				GCC_WARN_UNINITIALIZED_AUTOS = YES_AGGRESSIVE;
				GCC_WARN_UNUSED_FUNCTION = YES;
				GCC_WARN_UNUSED_VARIABLE = YES;
				"INFOPLIST_FILE[sdk=*]" = "";
				IPHONEOS_DEPLOYMENT_TARGET = 26.4;
				LOCALIZATION_PREFERS_STRING_CATALOGS = YES;
				MTL_ENABLE_DEBUG_INFO = INCLUDE_SOURCE;
				MTL_FAST_MATH = YES;
				ONLY_ACTIVE_ARCH = YES;
				SDKROOT = iphoneos;
				SWIFT_ACTIVE_COMPILATION_CONDITIONS = "DEBUG $(inherited)";
				SWIFT_OPTIMIZATION_LEVEL = "-Onone";
			};
			name = Debug;
		};
		1817C68D2FBDCB1D009A4509 /* Release */ = {
			isa = XCBuildConfiguration;
			buildSettings = {
				ALWAYS_SEARCH_USER_PATHS = NO;
				ASSETCATALOG_COMPILER_GENERATE_SWIFT_ASSET_SYMBOL_EXTENSIONS = YES;
				CLANG_ANALYZER_NONNULL = YES;
				CLANG_ANALYZER_NUMBER_OBJECT_CONVERSION = YES_AGGRESSIVE;
				CLANG_CXX_LANGUAGE_STANDARD = "gnu++20";
				CLANG_ENABLE_MODULES = YES;
				CLANG_ENABLE_OBJC_ARC = YES;
				CLANG_ENABLE_OBJC_WEAK = YES;
				CLANG_WARN_BLOCK_CAPTURE_AUTORELEASING = YES;
				CLANG_WARN_BOOL_CONVERSION = YES;
				CLANG_WARN_COMMA = YES;
				CLANG_WARN_CONSTANT_CONVERSION = YES;
				CLANG_WARN_DEPRECATED_OBJC_IMPLEMENTATIONS = YES;
				CLANG_WARN_DIRECT_OBJC_ISA_USAGE = YES_ERROR;
				CLANG_WARN_DOCUMENTATION_COMMENTS = YES;
				CLANG_WARN_EMPTY_BODY = YES;
				CLANG_WARN_ENUM_CONVERSION = YES;
				CLANG_WARN_INFINITE_RECURSION = YES;
				CLANG_WARN_INT_CONVERSION = YES;
				CLANG_WARN_NON_LITERAL_NULL_CONVERSION = YES;
				CLANG_WARN_OBJC_IMPLICIT_RETAIN_SELF = YES;
				CLANG_WARN_OBJC_LITERAL_CONVERSION = YES;
				CLANG_WARN_OBJC_ROOT_CLASS = YES_ERROR;
				CLANG_WARN_QUOTED_INCLUDE_IN_FRAMEWORK_HEADER = YES;
				CLANG_WARN_RANGE_LOOP_ANALYSIS = YES;
				CLANG_WARN_STRICT_PROTOTYPES = YES;
				CLANG_WARN_SUSPICIOUS_MOVE = YES;
				CLANG_WARN_UNGUARDED_AVAILABILITY = YES_AGGRESSIVE;
				CLANG_WARN_UNREACHABLE_CODE = YES;
				CLANG_WARN__DUPLICATE_METHOD_MATCH = YES;
				COPY_PHASE_STRIP = NO;
				DEBUG_INFORMATION_FORMAT = "dwarf-with-dsym";
				DEVELOPMENT_TEAM = KA3YZC66RT;
				ENABLE_NS_ASSERTIONS = NO;
				ENABLE_STRICT_OBJC_MSGSEND = YES;
				ENABLE_USER_SCRIPT_SANDBOXING = YES;
				GCC_C_LANGUAGE_STANDARD = gnu17;
				GCC_NO_COMMON_BLOCKS = YES;
				GCC_WARN_64_TO_32_BIT_CONVERSION = YES;
				GCC_WARN_ABOUT_RETURN_TYPE = YES_ERROR;
				GCC_WARN_UNDECLARED_SELECTOR = YES;
				GCC_WARN_UNINITIALIZED_AUTOS = YES_AGGRESSIVE;
				GCC_WARN_UNUSED_FUNCTION = YES;
				GCC_WARN_UNUSED_VARIABLE = YES;
				IPHONEOS_DEPLOYMENT_TARGET = 26.4;
				LOCALIZATION_PREFERS_STRING_CATALOGS = YES;
				MTL_ENABLE_DEBUG_INFO = NO;
				MTL_FAST_MATH = YES;
				SDKROOT = iphoneos;
				SWIFT_COMPILATION_MODE = wholemodule;
				VALIDATE_PRODUCT = YES;
			};
			name = Release;
		};
		1817C68F2FBDCB1D009A4509 /* Debug */ = {
			isa = XCBuildConfiguration;
			buildSettings = {
				ASSETCATALOG_COMPILER_APPICON_NAME = AppIcon;
				ASSETCATALOG_COMPILER_GLOBAL_ACCENT_COLOR_NAME = AccentColor;
				CODE_SIGN_STYLE = Automatic;
				CURRENT_PROJECT_VERSION = 1;
				DEVELOPMENT_TEAM = KA3YZC66RT;
				ENABLE_PREVIEWS = YES;
				GENERATE_INFOPLIST_FILE = YES;
				INFOPLIST_FILE = Info.plist;
				INFOPLIST_KEY_UIApplicationSceneManifest_Generation = YES;
				INFOPLIST_KEY_UIApplicationSupportsIndirectInputEvents = YES;
				INFOPLIST_KEY_UILaunchScreen_Generation = YES;
				INFOPLIST_KEY_UISupportedInterfaceOrientations_iPad = "UIInterfaceOrientationPortrait UIInterfaceOrientationPortraitUpsideDown UIInterfaceOrientationLandscapeLeft UIInterfaceOrientationLandscapeRight";
				INFOPLIST_KEY_UISupportedInterfaceOrientations_iPhone = "UIInterfaceOrientationPortrait UIInterfaceOrientationLandscapeLeft UIInterfaceOrientationLandscapeRight";
				LD_RUNPATH_SEARCH_PATHS = (
					"$(inherited)",
					"@executable_path/Frameworks",
				);
				MARKETING_VERSION = 1.0;
				PRODUCT_BUNDLE_IDENTIFIER = com.federicalombardo.SatelliteTracker;
				PRODUCT_NAME = "$(TARGET_NAME)";
				STRING_CATALOG_GENERATE_SYMBOLS = YES;
				SWIFT_APPROACHABLE_CONCURRENCY = YES;
				SWIFT_DEFAULT_ACTOR_ISOLATION = MainActor;
				SWIFT_EMIT_LOC_STRINGS = YES;
				SWIFT_UPCOMING_FEATURE_MEMBER_IMPORT_VISIBILITY = YES;
				SWIFT_VERSION = 5.0;
				TARGETED_DEVICE_FAMILY = "1,2";
			};
			name = Debug;
		};
		1817C6902FBDCB1D009A4509 /* Release */ = {
			isa = XCBuildConfiguration;
			buildSettings = {
				ASSETCATALOG_COMPILER_APPICON_NAME = AppIcon;
				ASSETCATALOG_COMPILER_GLOBAL_ACCENT_COLOR_NAME = AccentColor;
				CODE_SIGN_STYLE = Automatic;
				CURRENT_PROJECT_VERSION = 1;
				DEVELOPMENT_TEAM = KA3YZC66RT;
				ENABLE_PREVIEWS = YES;
				GENERATE_INFOPLIST_FILE = YES;
				INFOPLIST_FILE = Info.plist;
				INFOPLIST_KEY_UIApplicationSceneManifest_Generation = YES;
				INFOPLIST_KEY_UIApplicationSupportsIndirectInputEvents = YES;
				INFOPLIST_KEY_UILaunchScreen_Generation = YES;
				INFOPLIST_KEY_UISupportedInterfaceOrientations_iPad = "UIInterfaceOrientationPortrait UIInterfaceOrientationPortraitUpsideDown UIInterfaceOrientationLandscapeLeft UIInterfaceOrientationLandscapeRight";
				INFOPLIST_KEY_UISupportedInterfaceOrientations_iPhone = "UIInterfaceOrientationPortrait UIInterfaceOrientationLandscapeLeft UIInterfaceOrientationLandscapeRight";
				LD_RUNPATH_SEARCH_PATHS = (
					"$(inherited)",
					"@executable_path/Frameworks",
				);
				MARKETING_VERSION = 1.0;
				PRODUCT_BUNDLE_IDENTIFIER = com.federicalombardo.SatelliteTracker;
				PRODUCT_NAME = "$(TARGET_NAME)";
				STRING_CATALOG_GENERATE_SYMBOLS = YES;
				SWIFT_APPROACHABLE_CONCURRENCY = YES;
				SWIFT_DEFAULT_ACTOR_ISOLATION = MainActor;
				SWIFT_EMIT_LOC_STRINGS = YES;
				SWIFT_UPCOMING_FEATURE_MEMBER_IMPORT_VISIBILITY = YES;
				SWIFT_VERSION = 5.0;
				TARGETED_DEVICE_FAMILY = "1,2";
			};
			name = Release;
		};
/* End XCBuildConfiguration section */

/* Begin XCConfigurationList section */
		1817C67E2FBDCB1C009A4509 /* Build configuration list for PBXProject "SatelliteTracker" */ = {
			isa = XCConfigurationList;
			buildConfigurations = (
				1817C68C2FBDCB1D009A4509 /* Debug */,
				1817C68D2FBDCB1D009A4509 /* Release */,
			);
			defaultConfigurationIsVisible = 0;
			defaultConfigurationName = Release;
		};
		1817C68E2FBDCB1D009A4509 /* Build configuration list for PBXNativeTarget "SatelliteTracker" */ = {
			isa = XCConfigurationList;
			buildConfigurations = (
				1817C68F2FBDCB1D009A4509 /* Debug */,
				1817C6902FBDCB1D009A4509 /* Release */,
			);
			defaultConfigurationIsVisible = 0;
			defaultConfigurationName = Release;
		};
/* End XCConfigurationList section */
	};
	rootObject = 1817C67B2FBDCB1C009A4509 /* Project object */;
}
